
Microsoft Visual Studio Solution File, Format Version 12.00
# Visual Studio Version 16
VisualStudioVersion = 16.0.30204.135
MinimumVisualStudioVersion = 10.0.40219.1
Project("{9A19103F-16F7-4668-BE54-9A1E7A4F7556}") = "PedidosApp", "PedidosApp\PedidosApp.csproj", "{41D77A58-0B36-4897-994F-8BA45078440B}"
EndProject
Project("{FAE04EC0-301F-11D3-BF4B-00C04F79EFBC}") = "PedidosAppTests", "PedidosAppTests\PedidosAppTests.csproj", "{737B12E5-E593-4D94-8B1D-2CBE03267CF0}"
EndProject
Global
	GlobalSection(SolutionConfigurationPlatforms) = preSolution
		Debug|Any CPU = Debug|Any CPU
		Release|Any CPU = Release|Any CPU
	EndGlobalSection
	GlobalSection(ProjectConfigurationPlatforms) = postSolution
		{41D77A58-0B36-4897-994F-8BA45078440B}.Debug|Any CPU.ActiveCfg = Debug|Any CPU
		{41D77A58-0B36-4897-994F-8BA45078440B}.Debug|Any CPU.Build.0 = Debug|Any CPU
		{41D77A58-0B36-4897-994F-8BA45078440B}.Release|Any CPU.ActiveCfg = Release|Any CPU
		{41D77A58-0B36-4897-994F-8BA45078440B}.Release|Any CPU.Build.0 = Release|Any CPU
		{737B12E5-E593-4D94-8B1D-2CBE03267CF0}.Debug|Any CPU.ActiveCfg = Debug|Any CPU
		{737B12E5-E593-4D94-8B1D-2CBE03267CF0}.Debug|Any CPU.Build.0 = Debug|Any CPU
		{737B12E5-E593-4D94-8B1D-2CBE03267CF0}.Release|Any CPU.ActiveCfg = Release|Any CPU
		{737B12E5-E593-4D94-8B1D-2CBE03267CF0}.Release|Any CPU.Build.0 = Release|Any CPU
	EndGlobalSection
	GlobalSection(SolutionProperties) = preSolution
		HideSolutionNode = FALSE
	EndGlobalSection
	GlobalSection(ExtensibilityGlobals) = postSolution
		SolutionGuid = {D72BC576-A59B-4B3F-88AD-3814C33A4101}
	EndGlobalSection
EndGlobal
